
Microsoft Visual Studio Solution File, Format Version 12.00
# Visual Studio Version 16
VisualStudioVersion = 16.0.31624.102
MinimumVisualStudioVersion = 10.0.40219.1
Project("{FAE04EC0-301F-11D3-BF4B-00C04F79EFBC}") = "MarketPlays", "MarketPlays\MarketPlays.csproj", "{51D39AF7-8F3A-43C8-8DA5-2C5BE4E2CBA0}"
EndProject
Global
	GlobalSection(SolutionConfigurationPlatforms) = preSolution
		Debug|Any CPU = Debug|Any CPU
		Release|Any CPU = Release|Any CPU
	EndGlobalSection
	GlobalSection(ProjectConfigurationPlatforms) = postSolution
		{51D39AF7-8F3A-43C8-8DA5-2C5BE4E2CBA0}.Debug|Any CPU.ActiveCfg = Debug|Any CPU
		{51D39AF7-8F3A-43C8-8DA5-2C5BE4E2CBA0}.Debug|Any CPU.Build.0 = Debug|Any CPU
		{51D39AF7-8F3A-43C8-8DA5-2C5BE4E2CBA0}.Release|Any CPU.ActiveCfg = Release|Any CPU
		{51D39AF7-8F3A-43C8-8DA5-2C5BE4E2CBA0}.Release|Any CPU.Build.0 = Release|Any CPU
	EndGlobalSection
	GlobalSection(SolutionProperties) = preSolution
		HideSolutionNode = FALSE
	EndGlobalSection
	GlobalSection(ExtensibilityGlobals) = postSolution
		SolutionGuid = {907A6F71-840D-40B9-81E2-07683DB81616}
	EndGlobalSection
EndGlobal
